{
  "version": 4,
  "terraform_version": "1.13.3",
  "serial": 73,
  "lineage": "4043a82e-7d0c-d48d-41f2-5a22987ad101",
  "outputs": {},
  "resources": [
    {
      "mode": "managed",
      "type": "docker_volume",
      "name": "shared",
      "provider": "provider[\"registry.terraform.io/kreuzwerker/docker\"]",
      "instances": [
        {
          "schema_version": 1,
          "attributes": {
            "driver": "local",
            "driver_opts": {},
            "id": "shared_data",
            "labels": [],
            "mountpoint": "/var/lib/docker/volumes/shared_data/_data",
            "name": "shared_data"
          },
          "sensitive_attributes": [],
          "identity_schema_version": 0,
          "private": "eyJzY2hlbWFfdmVyc2lvbiI6IjEifQ=="
        }
      ]
    }
  ],
  "check_results": null
}
